
Microsoft Visual Studio Solution File, Format Version 12.00
# Visual Studio Version 16
VisualStudioVersion = 16.0.32929.386
MinimumVisualStudioVersion = 10.0.40219.1
Project("{FAE04EC0-301F-11D3-BF4B-00C04F79EFBC}") = "Handy_Of_Plug_Scarlet_Blood_Fury", "Handy_Of_Plug_Scarlet_Blood_Fury.csproj", "{7C372128-3F77-4381-B3E3-3CACFB40C70A}"
EndProject
Global
	GlobalSection(SolutionConfigurationPlatforms) = preSolution
		Debug|Any CPU = Debug|Any CPU
		Release|Any CPU = Release|Any CPU
	EndGlobalSection
	GlobalSection(ProjectConfigurationPlatforms) = postSolution
		{7C372128-3F77-4381-B3E3-3CACFB40C70A}.Debug|Any CPU.ActiveCfg = Debug|Any CPU
		{7C372128-3F77-4381-B3E3-3CACFB40C70A}.Debug|Any CPU.Build.0 = Debug|Any CPU
		{7C372128-3F77-4381-B3E3-3CACFB40C70A}.Release|Any CPU.ActiveCfg = Release|Any CPU
		{7C372128-3F77-4381-B3E3-3CACFB40C70A}.Release|Any CPU.Build.0 = Release|Any CPU
	EndGlobalSection
	GlobalSection(SolutionProperties) = preSolution
		HideSolutionNode = FALSE
	EndGlobalSection
	GlobalSection(ExtensibilityGlobals) = postSolution
		SolutionGuid = {F7007E9B-480F-4AFC-BF05-E1AE95D20D5A}
	EndGlobalSection
EndGlobal
